// !$*UTF8*$!
{
	archiveVersion = 1;
	classes = {
	};
	objectVersion = 46;
	objects = {

/* Begin PBXBuildFile section */
		1EF90D93E730DF0958D14D52 /* Pods_iTrustUITests.framework in Frameworks */ = {isa = PBXBuildFile; fileRef = 45F1AD488E330A5440979AEA /* Pods_iTrustUITests.framework */; };
		308C0AFF20217F5200CB1347 /* GoogleService-Info.plist in Resources */ = {isa = PBXBuildFile; fileRef = 308C0AFE20217F5200CB1347 /* GoogleService-Info.plist */; };
		308C0B042021B9DC00CB1347 /* HHHListChurchStoryboard.storyboard in Resources */ = {isa = PBXBuildFile; fileRef = 308C0B032021B9DC00CB1347 /* HHHListChurchStoryboard.storyboard */; };
		308C0B062021BA4D00CB1347 /* HHHListChurchViewController.swift in Sources */ = {isa = PBXBuildFile; fileRef = 308C0B052021BA4D00CB1347 /* HHHListChurchViewController.swift */; };
		308C0B0A2021D10800CB1347 /* FirebaseManager.swift in Sources */ = {isa = PBXBuildFile; fileRef = 308C0B092021D10800CB1347 /* FirebaseManager.swift */; };
		308C0B0C2021D14F00CB1347 /* RootDAO.swift in Sources */ = {isa = PBXBuildFile; fileRef = 308C0B0B2021D14F00CB1347 /* RootDAO.swift */; };
		308C0B0F2021D18F00CB1347 /* LoggerManager.swift in Sources */ = {isa = PBXBuildFile; fileRef = 308C0B0E2021D18F00CB1347 /* LoggerManager.swift */; };
		308C0B112021D2E000CB1347 /* ChurchListDAO.swift in Sources */ = {isa = PBXBuildFile; fileRef = 308C0B102021D2E000CB1347 /* ChurchListDAO.swift */; };
		308C0B142021D83C00CB1347 /* ChurchItemViewCell.xib in Resources */ = {isa = PBXBuildFile; fileRef = 308C0B132021D83C00CB1347 /* ChurchItemViewCell.xib */; };
		308C0B172021D8F900CB1347 /* HHHChurchItemTableViewCell.swift in Sources */ = {isa = PBXBuildFile; fileRef = 308C0B162021D8F900CB1347 /* HHHChurchItemTableViewCell.swift */; };
		308C0B1A2022BFC000CB1347 /* Church.swift in Sources */ = {isa = PBXBuildFile; fileRef = 308C0B192022BFC000CB1347 /* Church.swift */; };
		308C0B1D2022C1A000CB1347 /* ThreadManager.swift in Sources */ = {isa = PBXBuildFile; fileRef = 308C0B1C2022C1A000CB1347 /* ThreadManager.swift */; };
		308C0B202022FF8200CB1347 /* loading.gif in Resources */ = {isa = PBXBuildFile; fileRef = 308C0B1F2022FF8200CB1347 /* loading.gif */; };
		30A0CB1C1FC7CB530048649B /* AppDelegate.swift in Sources */ = {isa = PBXBuildFile; fileRef = 30A0CB1B1FC7CB530048649B /* AppDelegate.swift */; };
		30A0CB1E1FC7CB530048649B /* ViewController.swift in Sources */ = {isa = PBXBuildFile; fileRef = 30A0CB1D1FC7CB530048649B /* ViewController.swift */; };
		30A0CB211FC7CB530048649B /* Main.storyboard in Resources */ = {isa = PBXBuildFile; fileRef = 30A0CB1F1FC7CB530048649B /* Main.storyboard */; };
		30A0CB231FC7CB530048649B /* Assets.xcassets in Resources */ = {isa = PBXBuildFile; fileRef = 30A0CB221FC7CB530048649B /* Assets.xcassets */; };
		30A0CB261FC7CB530048649B /* LaunchScreen.storyboard in Resources */ = {isa = PBXBuildFile; fileRef = 30A0CB241FC7CB530048649B /* LaunchScreen.storyboard */; };
		30A0CB311FC7CB530048649B /* iTrustTests.swift in Sources */ = {isa = PBXBuildFile; fileRef = 30A0CB301FC7CB530048649B /* iTrustTests.swift */; };
		30A0CB3C1FC7CB530048649B /* iTrustUITests.swift in Sources */ = {isa = PBXBuildFile; fileRef = 30A0CB3B1FC7CB530048649B /* iTrustUITests.swift */; };
		4B20E2753176FA8B3E9E8FD6 /* Pods_iTrustTests.framework in Frameworks */ = {isa = PBXBuildFile; fileRef = 8666D1EED6D5C6C821F8EA20 /* Pods_iTrustTests.framework */; };
		8713A9E2C169305186A7185E /* Pods_iTrust.framework in Frameworks */ = {isa = PBXBuildFile; fileRef = A93941ACB3F66A2CEDBD52DD /* Pods_iTrust.framework */; };
/* End PBXBuildFile section */

/* Begin PBXContainerItemProxy section */
		30A0CB2D1FC7CB530048649B /* PBXContainerItemProxy */ = {
			isa = PBXContainerItemProxy;
			containerPortal = 30A0CB101FC7CB530048649B /* Project object */;
			proxyType = 1;
			remoteGlobalIDString = 30A0CB171FC7CB530048649B;
			remoteInfo = iTrust;
		};
		30A0CB381FC7CB530048649B /* PBXContainerItemProxy */ = {
			isa = PBXContainerItemProxy;
			containerPortal = 30A0CB101FC7CB530048649B /* Project object */;
			proxyType = 1;
			remoteGlobalIDString = 30A0CB171FC7CB530048649B;
			remoteInfo = iTrust;
		};
/* End PBXContainerItemProxy section */

/* Begin PBXFileReference section */
		0DA58240C3A411F71B78CDA9 /* Pods-iTrustTests.debug.xcconfig */ = {isa = PBXFileReference; includeInIndex = 1; lastKnownFileType = text.xcconfig; name = "Pods-iTrustTests.debug.xcconfig"; path = "Pods/Target Support Files/Pods-iTrustTests/Pods-iTrustTests.debug.xcconfig"; sourceTree = "<group>"; };
		0EB2B8CCF66FA3679C22F46E /* Pods-iTrust.release.xcconfig */ = {isa = PBXFileReference; includeInIndex = 1; lastKnownFileType = text.xcconfig; name = "Pods-iTrust.release.xcconfig"; path = "Pods/Target Support Files/Pods-iTrust/Pods-iTrust.release.xcconfig"; sourceTree = "<group>"; };
		308C0AFE20217F5200CB1347 /* GoogleService-Info.plist */ = {isa = PBXFileReference; fileEncoding = 4; lastKnownFileType = text.plist.xml; path = "GoogleService-Info.plist"; sourceTree = "<group>"; };
		308C0B032021B9DC00CB1347 /* HHHListChurchStoryboard.storyboard */ = {isa = PBXFileReference; fileEncoding = 4; lastKnownFileType = file.storyboard; name = HHHListChurchStoryboard.storyboard; path = Storyboard/HHHListChurchStoryboard.storyboard; sourceTree = "<group>"; };
		308C0B052021BA4D00CB1347 /* HHHListChurchViewController.swift */ = {isa = PBXFileReference; fileEncoding = 4; lastKnownFileType = sourcecode.swift; name = HHHListChurchViewController.swift; path = ViewController/HHHListChurchViewController.swift; sourceTree = "<group>"; };
		308C0B092021D10800CB1347 /* FirebaseManager.swift */ = {isa = PBXFileReference; fileEncoding = 4; lastKnownFileType = sourcecode.swift; name = FirebaseManager.swift; path = DAO/FirebaseManager.swift; sourceTree = "<group>"; };
		308C0B0B2021D14F00CB1347 /* RootDAO.swift */ = {isa = PBXFileReference; fileEncoding = 4; lastKnownFileType = sourcecode.swift; name = RootDAO.swift; path = DAO/RootDAO.swift; sourceTree = "<group>"; };
		308C0B0E2021D18F00CB1347 /* LoggerManager.swift */ = {isa = PBXFileReference; fileEncoding = 4; lastKnownFileType = sourcecode.swift; name = LoggerManager.swift; path = Log/LoggerManager.swift; sourceTree = "<group>"; };
		308C0B102021D2E000CB1347 /* ChurchListDAO.swift */ = {isa = PBXFileReference; fileEncoding = 4; lastKnownFileType = sourcecode.swift; name = ChurchListDAO.swift; path = DAO/ChurchListDAO.swift; sourceTree = "<group>"; };
		308C0B132021D83C00CB1347 /* ChurchItemViewCell.xib */ = {isa = PBXFileReference; fileEncoding = 4; lastKnownFileType = file.xib; name = ChurchItemViewCell.xib; path = Storyboard/CustomView/ChurchItemViewCell.xib; sourceTree = "<group>"; };
		308C0B162021D8F900CB1347 /* HHHChurchItemTableViewCell.swift */ = {isa = PBXFileReference; fileEncoding = 4; lastKnownFileType = sourcecode.swift; name = HHHChurchItemTableViewCell.swift; path = ViewController/CustomView/HHHChurchItemTableViewCell.swift; sourceTree = "<group>"; };
		308C0B192022BFC000CB1347 /* Church.swift */ = {isa = PBXFileReference; fileEncoding = 4; lastKnownFileType = sourcecode.swift; name = Church.swift; path = Model/Church.swift; sourceTree = "<group>"; };
		308C0B1C2022C1A000CB1347 /* ThreadManager.swift */ = {isa = PBXFileReference; fileEncoding = 4; lastKnownFileType = sourcecode.swift; name = ThreadManager.swift; path = Thread/ThreadManager.swift; sourceTree = "<group>"; };
		308C0B1F2022FF8200CB1347 /* loading.gif */ = {isa = PBXFileReference; lastKnownFileType = image.gif; path = loading.gif; sourceTree = "<group>"; };
		30A0CB181FC7CB530048649B /* iTrust.app */ = {isa = PBXFileReference; explicitFileType = wrapper.application; includeInIndex = 0; path = iTrust.app; sourceTree = BUILT_PRODUCTS_DIR; };
		30A0CB1B1FC7CB530048649B /* AppDelegate.swift */ = {isa = PBXFileReference; lastKnownFileType = sourcecode.swift; path = AppDelegate.swift; sourceTree = "<group>"; };
		30A0CB1D1FC7CB530048649B /* ViewController.swift */ = {isa = PBXFileReference; lastKnownFileType = sourcecode.swift; path = ViewController.swift; sourceTree = "<group>"; };
		30A0CB201FC7CB530048649B /* Base */ = {isa = PBXFileReference; lastKnownFileType = file.storyboard; name = Base; path = Base.lproj/Main.storyboard; sourceTree = "<group>"; };
		30A0CB221FC7CB530048649B /* Assets.xcassets */ = {isa = PBXFileReference; lastKnownFileType = folder.assetcatalog; path = Assets.xcassets; sourceTree = "<group>"; };
		30A0CB251FC7CB530048649B /* Base */ = {isa = PBXFileReference; lastKnownFileType = file.storyboard; name = Base; path = Base.lproj/LaunchScreen.storyboard; sourceTree = "<group>"; };
		30A0CB271FC7CB530048649B /* Info.plist */ = {isa = PBXFileReference; lastKnownFileType = text.plist.xml; path = Info.plist; sourceTree = "<group>"; };
		30A0CB2C1FC7CB530048649B /* iTrustTests.xctest */ = {isa = PBXFileReference; explicitFileType = wrapper.cfbundle; includeInIndex = 0; path = iTrustTests.xctest; sourceTree = BUILT_PRODUCTS_DIR; };
		30A0CB301FC7CB530048649B /* iTrustTests.swift */ = {isa = PBXFileReference; lastKnownFileType = sourcecode.swift; path = iTrustTests.swift; sourceTree = "<group>"; };
		30A0CB321FC7CB530048649B /* Info.plist */ = {isa = PBXFileReference; lastKnownFileType = text.plist.xml; path = Info.plist; sourceTree = "<group>"; };
		30A0CB371FC7CB530048649B /* iTrustUITests.xctest */ = {isa = PBXFileReference; explicitFileType = wrapper.cfbundle; includeInIndex = 0; path = iTrustUITests.xctest; sourceTree = BUILT_PRODUCTS_DIR; };
		30A0CB3B1FC7CB530048649B /* iTrustUITests.swift */ = {isa = PBXFileReference; lastKnownFileType = sourcecode.swift; path = iTrustUITests.swift; sourceTree = "<group>"; };
		30A0CB3D1FC7CB530048649B /* Info.plist */ = {isa = PBXFileReference; lastKnownFileType = text.plist.xml; path = Info.plist; sourceTree = "<group>"; };
		45F1AD488E330A5440979AEA /* Pods_iTrustUITests.framework */ = {isa = PBXFileReference; explicitFileType = wrapper.framework; includeInIndex = 0; path = Pods_iTrustUITests.framework; sourceTree = BUILT_PRODUCTS_DIR; };
		460124404BF3B941B8F3BB67 /* Pods-iTrustUITests.release.xcconfig */ = {isa = PBXFileReference; includeInIndex = 1; lastKnownFileType = text.xcconfig; name = "Pods-iTrustUITests.release.xcconfig"; path = "Pods/Target Support Files/Pods-iTrustUITests/Pods-iTrustUITests.release.xcconfig"; sourceTree = "<group>"; };
		7E8BAA325539B89604167397 /* Pods-iTrustUITests.debug.xcconfig */ = {isa = PBXFileReference; includeInIndex = 1; lastKnownFileType = text.xcconfig; name = "Pods-iTrustUITests.debug.xcconfig"; path = "Pods/Target Support Files/Pods-iTrustUITests/Pods-iTrustUITests.debug.xcconfig"; sourceTree = "<group>"; };
		8666D1EED6D5C6C821F8EA20 /* Pods_iTrustTests.framework */ = {isa = PBXFileReference; explicitFileType = wrapper.framework; includeInIndex = 0; path = Pods_iTrustTests.framework; sourceTree = BUILT_PRODUCTS_DIR; };
		8DE0BD156E821F4E552A7906 /* Pods-iTrust.debug.xcconfig */ = {isa = PBXFileReference; includeInIndex = 1; lastKnownFileType = text.xcconfig; name = "Pods-iTrust.debug.xcconfig"; path = "Pods/Target Support Files/Pods-iTrust/Pods-iTrust.debug.xcconfig"; sourceTree = "<group>"; };
		A93941ACB3F66A2CEDBD52DD /* Pods_iTrust.framework */ = {isa = PBXFileReference; explicitFileType = wrapper.framework; includeInIndex = 0; path = Pods_iTrust.framework; sourceTree = BUILT_PRODUCTS_DIR; };
		D83A084F5E1AF1AE02B79EAE /* Pods-iTrustTests.release.xcconfig */ = {isa = PBXFileReference; includeInIndex = 1; lastKnownFileType = text.xcconfig; name = "Pods-iTrustTests.release.xcconfig"; path = "Pods/Target Support Files/Pods-iTrustTests/Pods-iTrustTests.release.xcconfig"; sourceTree = "<group>"; };
/* End PBXFileReference section */

/* Begin PBXFrameworksBuildPhase section */
		30A0CB151FC7CB530048649B /* Frameworks */ = {
			isa = PBXFrameworksBuildPhase;
			buildActionMask = 2147483647;
			files = (
				8713A9E2C169305186A7185E /* Pods_iTrust.framework in Frameworks */,
			);
			runOnlyForDeploymentPostprocessing = 0;
		};
		30A0CB291FC7CB530048649B /* Frameworks */ = {
			isa = PBXFrameworksBuildPhase;
			buildActionMask = 2147483647;
			files = (
				4B20E2753176FA8B3E9E8FD6 /* Pods_iTrustTests.framework in Frameworks */,
			);
			runOnlyForDeploymentPostprocessing = 0;
		};
		30A0CB341FC7CB530048649B /* Frameworks */ = {
			isa = PBXFrameworksBuildPhase;
			buildActionMask = 2147483647;
			files = (
				1EF90D93E730DF0958D14D52 /* Pods_iTrustUITests.framework in Frameworks */,
			);
			runOnlyForDeploymentPostprocessing = 0;
		};
/* End PBXFrameworksBuildPhase section */

/* Begin PBXGroup section */
		032B8C2D145CF476BE658FA3 /* Frameworks */ = {
			isa = PBXGroup;
			children = (
				A93941ACB3F66A2CEDBD52DD /* Pods_iTrust.framework */,
				8666D1EED6D5C6C821F8EA20 /* Pods_iTrustTests.framework */,
				45F1AD488E330A5440979AEA /* Pods_iTrustUITests.framework */,
			);
			name = Frameworks;
			sourceTree = "<group>";
		};
		308C0AFD20217F1600CB1347 /* Firebase */ = {
			isa = PBXGroup;
			children = (
				308C0AFE20217F5200CB1347 /* GoogleService-Info.plist */,
			);
			name = Firebase;
			sourceTree = "<group>";
		};
		308C0B0020219D3E00CB1347 /* DAO */ = {
			isa = PBXGroup;
			children = (
				308C0B092021D10800CB1347 /* FirebaseManager.swift */,
				308C0B0B2021D14F00CB1347 /* RootDAO.swift */,
				308C0B102021D2E000CB1347 /* ChurchListDAO.swift */,
			);
			name = DAO;
			sourceTree = "<group>";
		};
		308C0B012021B9AE00CB1347 /* ViewController */ = {
			isa = PBXGroup;
			children = (
				308C0B152021D8E500CB1347 /* CustomView */,
				308C0B052021BA4D00CB1347 /* HHHListChurchViewController.swift */,
			);
			name = ViewController;
			sourceTree = "<group>";
		};
		308C0B022021B9BE00CB1347 /* Storyboard */ = {
			isa = PBXGroup;
			children = (
				308C0B122021D7F100CB1347 /* CustomView */,
				308C0B032021B9DC00CB1347 /* HHHListChurchStoryboard.storyboard */,
			);
			name = Storyboard;
			sourceTree = "<group>";
		};
		308C0B0D2021D17000CB1347 /* Log */ = {
			isa = PBXGroup;
			children = (
				308C0B0E2021D18F00CB1347 /* LoggerManager.swift */,
			);
			name = Log;
			sourceTree = "<group>";
		};
		308C0B122021D7F100CB1347 /* CustomView */ = {
			isa = PBXGroup;
			children = (
				308C0B132021D83C00CB1347 /* ChurchItemViewCell.xib */,
			);
			name = CustomView;
			sourceTree = "<group>";
		};
		308C0B152021D8E500CB1347 /* CustomView */ = {
			isa = PBXGroup;
			children = (
				308C0B162021D8F900CB1347 /* HHHChurchItemTableViewCell.swift */,
			);
			name = CustomView;
			sourceTree = "<group>";
		};
		308C0B182022BD5A00CB1347 /* Model */ = {
			isa = PBXGroup;
			children = (
				308C0B192022BFC000CB1347 /* Church.swift */,
			);
			name = Model;
			sourceTree = "<group>";
		};
		308C0B1B2022C16400CB1347 /* Thread */ = {
			isa = PBXGroup;
			children = (
				308C0B1C2022C1A000CB1347 /* ThreadManager.swift */,
			);
			name = Thread;
			sourceTree = "<group>";
		};
		308C0B1E2022FF7900CB1347 /* Images */ = {
			isa = PBXGroup;
			children = (
				308C0B1F2022FF8200CB1347 /* loading.gif */,
			);
			name = Images;
			sourceTree = "<group>";
		};
		30A0CB0F1FC7CB530048649B = {
			isa = PBXGroup;
			children = (
				30A0CB1A1FC7CB530048649B /* iTrust */,
				30A0CB2F1FC7CB530048649B /* iTrustTests */,
				30A0CB3A1FC7CB530048649B /* iTrustUITests */,
				30A0CB191FC7CB530048649B /* Products */,
				F0E8D1C08FF382477E1E03F5 /* Pods */,
				032B8C2D145CF476BE658FA3 /* Frameworks */,
			);
			sourceTree = "<group>";
		};
		30A0CB191FC7CB530048649B /* Products */ = {
			isa = PBXGroup;
			children = (
				30A0CB181FC7CB530048649B /* iTrust.app */,
				30A0CB2C1FC7CB530048649B /* iTrustTests.xctest */,
				30A0CB371FC7CB530048649B /* iTrustUITests.xctest */,
			);
			name = Products;
			sourceTree = "<group>";
		};
		30A0CB1A1FC7CB530048649B /* iTrust */ = {
			isa = PBXGroup;
			children = (
				308C0B1E2022FF7900CB1347 /* Images */,
				308C0B1B2022C16400CB1347 /* Thread */,
				308C0B182022BD5A00CB1347 /* Model */,
				308C0B0D2021D17000CB1347 /* Log */,
				308C0B022021B9BE00CB1347 /* Storyboard */,
				308C0B012021B9AE00CB1347 /* ViewController */,
				308C0B0020219D3E00CB1347 /* DAO */,
				308C0AFD20217F1600CB1347 /* Firebase */,
				30A0CB1B1FC7CB530048649B /* AppDelegate.swift */,
				30A0CB1D1FC7CB530048649B /* ViewController.swift */,
				30A0CB1F1FC7CB530048649B /* Main.storyboard */,
				30A0CB221FC7CB530048649B /* Assets.xcassets */,
				30A0CB241FC7CB530048649B /* LaunchScreen.storyboard */,
				30A0CB271FC7CB530048649B /* Info.plist */,
			);
			path = iTrust;
			sourceTree = "<group>";
		};
		30A0CB2F1FC7CB530048649B /* iTrustTests */ = {
			isa = PBXGroup;
			children = (
				30A0CB301FC7CB530048649B /* iTrustTests.swift */,
				30A0CB321FC7CB530048649B /* Info.plist */,
			);
			path = iTrustTests;
			sourceTree = "<group>";
		};
		30A0CB3A1FC7CB530048649B /* iTrustUITests */ = {
			isa = PBXGroup;
			children = (
				30A0CB3B1FC7CB530048649B /* iTrustUITests.swift */,
				30A0CB3D1FC7CB530048649B /* Info.plist */,
			);
			path = iTrustUITests;
			sourceTree = "<group>";
		};
		F0E8D1C08FF382477E1E03F5 /* Pods */ = {
			isa = PBXGroup;
			children = (
				8DE0BD156E821F4E552A7906 /* Pods-iTrust.debug.xcconfig */,
				0EB2B8CCF66FA3679C22F46E /* Pods-iTrust.release.xcconfig */,
				0DA58240C3A411F71B78CDA9 /* Pods-iTrustTests.debug.xcconfig */,
				D83A084F5E1AF1AE02B79EAE /* Pods-iTrustTests.release.xcconfig */,
				7E8BAA325539B89604167397 /* Pods-iTrustUITests.debug.xcconfig */,
				460124404BF3B941B8F3BB67 /* Pods-iTrustUITests.release.xcconfig */,
			);
			name = Pods;
			sourceTree = "<group>";
		};
/* End PBXGroup section */

/* Begin PBXNativeTarget section */
		30A0CB171FC7CB530048649B /* iTrust */ = {
			isa = PBXNativeTarget;
			buildConfigurationList = 30A0CB401FC7CB530048649B /* Build configuration list for PBXNativeTarget "iTrust" */;
			buildPhases = (
				1C5A08CF68CF25EA13887025 /* [CP] Check Pods Manifest.lock */,
				30A0CB141FC7CB530048649B /* Sources */,
				30A0CB151FC7CB530048649B /* Frameworks */,
				30A0CB161FC7CB530048649B /* Resources */,
				93B819518E906148EDD1BD77 /* [CP] Embed Pods Frameworks */,
				B989A898C59ED35ED4185F78 /* [CP] Copy Pods Resources */,
			);
			buildRules = (
			);
			dependencies = (
			);
			name = iTrust;
			productName = iTrust;
			productReference = 30A0CB181FC7CB530048649B /* iTrust.app */;
			productType = "com.apple.product-type.application";
		};
		30A0CB2B1FC7CB530048649B /* iTrustTests */ = {
			isa = PBXNativeTarget;
			buildConfigurationList = 30A0CB431FC7CB530048649B /* Build configuration list for PBXNativeTarget "iTrustTests" */;
			buildPhases = (
				4E4FAFF1B931EE6D67C3F60B /* [CP] Check Pods Manifest.lock */,
				30A0CB281FC7CB530048649B /* Sources */,
				30A0CB291FC7CB530048649B /* Frameworks */,
				30A0CB2A1FC7CB530048649B /* Resources */,
				3F0DA7EAB8F4B5A11D0E2CAF /* [CP] Embed Pods Frameworks */,
				9AA1249AE948F084F2E7A3BA /* [CP] Copy Pods Resources */,
			);
			buildRules = (
			);
			dependencies = (
				30A0CB2E1FC7CB530048649B /* PBXTargetDependency */,
			);
			name = iTrustTests;
			productName = iTrustTests;
			productReference = 30A0CB2C1FC7CB530048649B /* iTrustTests.xctest */;
			productType = "com.apple.product-type.bundle.unit-test";
		};
		30A0CB361FC7CB530048649B /* iTrustUITests */ = {
			isa = PBXNativeTarget;
			buildConfigurationList = 30A0CB461FC7CB530048649B /* Build configuration list for PBXNativeTarget "iTrustUITests" */;
			buildPhases = (
				BF437AE2CDE7586176BB12CD /* [CP] Check Pods Manifest.lock */,
				30A0CB331FC7CB530048649B /* Sources */,
				30A0CB341FC7CB530048649B /* Frameworks */,
				30A0CB351FC7CB530048649B /* Resources */,
				30963A8F01F1ABC8337324DE /* [CP] Embed Pods Frameworks */,
				D6C86A2E9049CE36CF59DA29 /* [CP] Copy Pods Resources */,
			);
			buildRules = (
			);
			dependencies = (
				30A0CB391FC7CB530048649B /* PBXTargetDependency */,
			);
			name = iTrustUITests;
			productName = iTrustUITests;
			productReference = 30A0CB371FC7CB530048649B /* iTrustUITests.xctest */;
			productType = "com.apple.product-type.bundle.ui-testing";
		};
/* End PBXNativeTarget section */

/* Begin PBXProject section */
		30A0CB101FC7CB530048649B /* Project object */ = {
			isa = PBXProject;
			attributes = {
				LastSwiftUpdateCheck = 0810;
				LastUpgradeCheck = 0810;
				ORGANIZATIONNAME = "Uy Nguyen Long";
				TargetAttributes = {
					30A0CB171FC7CB530048649B = {
						CreatedOnToolsVersion = 8.1;
						DevelopmentTeam = WC64T22ANZ;
						ProvisioningStyle = Automatic;
					};
					30A0CB2B1FC7CB530048649B = {
						CreatedOnToolsVersion = 8.1;
						DevelopmentTeam = WC64T22ANZ;
						ProvisioningStyle = Automatic;
						TestTargetID = 30A0CB171FC7CB530048649B;
					};
					30A0CB361FC7CB530048649B = {
						CreatedOnToolsVersion = 8.1;
						DevelopmentTeam = WC64T22ANZ;
						ProvisioningStyle = Automatic;
						TestTargetID = 30A0CB171FC7CB530048649B;
					};
				};
			};
			buildConfigurationList = 30A0CB131FC7CB530048649B /* Build configuration list for PBXProject "iTrust" */;
			compatibilityVersion = "Xcode 3.2";
			developmentRegion = English;
			hasScannedForEncodings = 0;
			knownRegions = (
				en,
				Base,
			);
			mainGroup = 30A0CB0F1FC7CB530048649B;
			productRefGroup = 30A0CB191FC7CB530048649B /* Products */;
			projectDirPath = "";
			projectRoot = "";
			targets = (
				30A0CB171FC7CB530048649B /* iTrust */,
				30A0CB2B1FC7CB530048649B /* iTrustTests */,
				30A0CB361FC7CB530048649B /* iTrustUITests */,
			);
		};
/* End PBXProject section */

/* Begin PBXResourcesBuildPhase section */
		30A0CB161FC7CB530048649B /* Resources */ = {
			isa = PBXResourcesBuildPhase;
			buildActionMask = 2147483647;
			files = (
				308C0B142021D83C00CB1347 /* ChurchItemViewCell.xib in Resources */,
				30A0CB261FC7CB530048649B /* LaunchScreen.storyboard in Resources */,
				308C0AFF20217F5200CB1347 /* GoogleService-Info.plist in Resources */,
				30A0CB231FC7CB530048649B /* Assets.xcassets in Resources */,
				308C0B202022FF8200CB1347 /* loading.gif in Resources */,
				30A0CB211FC7CB530048649B /* Main.storyboard in Resources */,
				308C0B042021B9DC00CB1347 /* HHHListChurchStoryboard.storyboard in Resources */,
			);
			runOnlyForDeploymentPostprocessing = 0;
		};
		30A0CB2A1FC7CB530048649B /* Resources */ = {
			isa = PBXResourcesBuildPhase;
			buildActionMask = 2147483647;
			files = (
			);
			runOnlyForDeploymentPostprocessing = 0;
		};
		30A0CB351FC7CB530048649B /* Resources */ = {
			isa = PBXResourcesBuildPhase;
			buildActionMask = 2147483647;
			files = (
			);
			runOnlyForDeploymentPostprocessing = 0;
		};
/* End PBXResourcesBuildPhase section */

/* Begin PBXShellScriptBuildPhase section */
		1C5A08CF68CF25EA13887025 /* [CP] Check Pods Manifest.lock */ = {
			isa = PBXShellScriptBuildPhase;
			buildActionMask = 2147483647;
			files = (
			);
			inputPaths = (
				"${PODS_PODFILE_DIR_PATH}/Podfile.lock",
				"${PODS_ROOT}/Manifest.lock",
			);
			name = "[CP] Check Pods Manifest.lock";
			outputPaths = (
				"$(DERIVED_FILE_DIR)/Pods-iTrust-checkManifestLockResult.txt",
			);
			runOnlyForDeploymentPostprocessing = 0;
			shellPath = /bin/sh;
			shellScript = "diff \"${PODS_PODFILE_DIR_PATH}/Podfile.lock\" \"${PODS_ROOT}/Manifest.lock\" > /dev/null\nif [ $? != 0 ] ; then\n    # print error to STDERR\n    echo \"error: The sandbox is not in sync with the Podfile.lock. Run 'pod install' or update your CocoaPods installation.\" >&2\n    exit 1\nfi\n# This output is used by Xcode 'outputs' to avoid re-running this script phase.\necho \"SUCCESS\" > \"${SCRIPT_OUTPUT_FILE_0}\"\n";
			showEnvVarsInLog = 0;
		};
		30963A8F01F1ABC8337324DE /* [CP] Embed Pods Frameworks */ = {
			isa = PBXShellScriptBuildPhase;
			buildActionMask = 2147483647;
			files = (
			);
			inputPaths = (
			);
			name = "[CP] Embed Pods Frameworks";
			outputPaths = (
			);
			runOnlyForDeploymentPostprocessing = 0;
			shellPath = /bin/sh;
			shellScript = "\"${SRCROOT}/Pods/Target Support Files/Pods-iTrustUITests/Pods-iTrustUITests-frameworks.sh\"\n";
			showEnvVarsInLog = 0;
		};
		3F0DA7EAB8F4B5A11D0E2CAF /* [CP] Embed Pods Frameworks */ = {
			isa = PBXShellScriptBuildPhase;
			buildActionMask = 2147483647;
			files = (
			);
			inputPaths = (
			);
			name = "[CP] Embed Pods Frameworks";
			outputPaths = (
			);
			runOnlyForDeploymentPostprocessing = 0;
			shellPath = /bin/sh;
			shellScript = "\"${SRCROOT}/Pods/Target Support Files/Pods-iTrustTests/Pods-iTrustTests-frameworks.sh\"\n";
			showEnvVarsInLog = 0;
		};
		4E4FAFF1B931EE6D67C3F60B /* [CP] Check Pods Manifest.lock */ = {
			isa = PBXShellScriptBuildPhase;
			buildActionMask = 2147483647;
			files = (
			);
			inputPaths = (
				"${PODS_PODFILE_DIR_PATH}/Podfile.lock",
				"${PODS_ROOT}/Manifest.lock",
			);
			name = "[CP] Check Pods Manifest.lock";
			outputPaths = (
				"$(DERIVED_FILE_DIR)/Pods-iTrustTests-checkManifestLockResult.txt",
			);
			runOnlyForDeploymentPostprocessing = 0;
			shellPath = /bin/sh;
			shellScript = "diff \"${PODS_PODFILE_DIR_PATH}/Podfile.lock\" \"${PODS_ROOT}/Manifest.lock\" > /dev/null\nif [ $? != 0 ] ; then\n    # print error to STDERR\n    echo \"error: The sandbox is not in sync with the Podfile.lock. Run 'pod install' or update your CocoaPods installation.\" >&2\n    exit 1\nfi\n# This output is used by Xcode 'outputs' to avoid re-running this script phase.\necho \"SUCCESS\" > \"${SCRIPT_OUTPUT_FILE_0}\"\n";
			showEnvVarsInLog = 0;
		};
		93B819518E906148EDD1BD77 /* [CP] Embed Pods Frameworks */ = {
			isa = PBXShellScriptBuildPhase;
			buildActionMask = 2147483647;
			files = (
			);
			inputPaths = (
				"${SRCROOT}/Pods/Target Support Files/Pods-iTrust/Pods-iTrust-frameworks.sh",
				"${BUILT_PRODUCTS_DIR}/Alamofire/Alamofire.framework",
				"${BUILT_PRODUCTS_DIR}/Bolts-Swift/BoltsSwift.framework",
				"${BUILT_PRODUCTS_DIR}/Bolts/Bolts.framework",
				"${BUILT_PRODUCTS_DIR}/GTMSessionFetcher/GTMSessionFetcher.framework",
				"${BUILT_PRODUCTS_DIR}/GoogleToolboxForMac/GoogleToolboxForMac.framework",
				"${BUILT_PRODUCTS_DIR}/PKHUD/PKHUD.framework",
				"${BUILT_PRODUCTS_DIR}/Parse/Parse.framework",
				"${BUILT_PRODUCTS_DIR}/PromiseKit/PromiseKit.framework",
				"${BUILT_PRODUCTS_DIR}/Protobuf/Protobuf.framework",
				"${BUILT_PRODUCTS_DIR}/SwiftGifOrigin/SwiftGifOrigin.framework",
				"${BUILT_PRODUCTS_DIR}/SwiftyBeaver/SwiftyBeaver.framework",
				"${BUILT_PRODUCTS_DIR}/SwiftyJSON/SwiftyJSON.framework",
				"${BUILT_PRODUCTS_DIR}/leveldb-library/leveldb.framework",
				"${BUILT_PRODUCTS_DIR}/nanopb/nanopb.framework",
			);
			name = "[CP] Embed Pods Frameworks";
			outputPaths = (
				"${TARGET_BUILD_DIR}/${FRAMEWORKS_FOLDER_PATH}/Alamofire.framework",
				"${TARGET_BUILD_DIR}/${FRAMEWORKS_FOLDER_PATH}/BoltsSwift.framework",
				"${TARGET_BUILD_DIR}/${FRAMEWORKS_FOLDER_PATH}/Bolts.framework",
				"${TARGET_BUILD_DIR}/${FRAMEWORKS_FOLDER_PATH}/GTMSessionFetcher.framework",
				"${TARGET_BUILD_DIR}/${FRAMEWORKS_FOLDER_PATH}/GoogleToolboxForMac.framework",
				"${TARGET_BUILD_DIR}/${FRAMEWORKS_FOLDER_PATH}/PKHUD.framework",
				"${TARGET_BUILD_DIR}/${FRAMEWORKS_FOLDER_PATH}/Parse.framework",
				"${TARGET_BUILD_DIR}/${FRAMEWORKS_FOLDER_PATH}/PromiseKit.framework",
				"${TARGET_BUILD_DIR}/${FRAMEWORKS_FOLDER_PATH}/Protobuf.framework",
				"${TARGET_BUILD_DIR}/${FRAMEWORKS_FOLDER_PATH}/SwiftGifOrigin.framework",
				"${TARGET_BUILD_DIR}/${FRAMEWORKS_FOLDER_PATH}/SwiftyBeaver.framework",
				"${TARGET_BUILD_DIR}/${FRAMEWORKS_FOLDER_PATH}/SwiftyJSON.framework",
				"${TARGET_BUILD_DIR}/${FRAMEWORKS_FOLDER_PATH}/leveldb.framework",
				"${TARGET_BUILD_DIR}/${FRAMEWORKS_FOLDER_PATH}/nanopb.framework",
			);
			runOnlyForDeploymentPostprocessing = 0;
			shellPath = /bin/sh;
			shellScript = "\"${SRCROOT}/Pods/Target Support Files/Pods-iTrust/Pods-iTrust-frameworks.sh\"\n";
			showEnvVarsInLog = 0;
		};
		9AA1249AE948F084F2E7A3BA /* [CP] Copy Pods Resources */ = {
			isa = PBXShellScriptBuildPhase;
			buildActionMask = 2147483647;
			files = (
			);
			inputPaths = (
			);
			name = "[CP] Copy Pods Resources";
			outputPaths = (
			);
			runOnlyForDeploymentPostprocessing = 0;
			shellPath = /bin/sh;
			shellScript = "\"${SRCROOT}/Pods/Target Support Files/Pods-iTrustTests/Pods-iTrustTests-resources.sh\"\n";
			showEnvVarsInLog = 0;
		};
		B989A898C59ED35ED4185F78 /* [CP] Copy Pods Resources */ = {
			isa = PBXShellScriptBuildPhase;
			buildActionMask = 2147483647;
			files = (
			);
			inputPaths = (
			);
			name = "[CP] Copy Pods Resources";
			outputPaths = (
			);
			runOnlyForDeploymentPostprocessing = 0;
			shellPath = /bin/sh;
			shellScript = "\"${SRCROOT}/Pods/Target Support Files/Pods-iTrust/Pods-iTrust-resources.sh\"\n";
			showEnvVarsInLog = 0;
		};
		BF437AE2CDE7586176BB12CD /* [CP] Check Pods Manifest.lock */ = {
			isa = PBXShellScriptBuildPhase;
			buildActionMask = 2147483647;
			files = (
			);
			inputPaths = (
				"${PODS_PODFILE_DIR_PATH}/Podfile.lock",
				"${PODS_ROOT}/Manifest.lock",
			);
			name = "[CP] Check Pods Manifest.lock";
			outputPaths = (
				"$(DERIVED_FILE_DIR)/Pods-iTrustUITests-checkManifestLockResult.txt",
			);
			runOnlyForDeploymentPostprocessing = 0;
			shellPath = /bin/sh;
			shellScript = "diff \"${PODS_PODFILE_DIR_PATH}/Podfile.lock\" \"${PODS_ROOT}/Manifest.lock\" > /dev/null\nif [ $? != 0 ] ; then\n    # print error to STDERR\n    echo \"error: The sandbox is not in sync with the Podfile.lock. Run 'pod install' or update your CocoaPods installation.\" >&2\n    exit 1\nfi\n# This output is used by Xcode 'outputs' to avoid re-running this script phase.\necho \"SUCCESS\" > \"${SCRIPT_OUTPUT_FILE_0}\"\n";
			showEnvVarsInLog = 0;
		};
		D6C86A2E9049CE36CF59DA29 /* [CP] Copy Pods Resources */ = {
			isa = PBXShellScriptBuildPhase;
			buildActionMask = 2147483647;
			files = (
			);
			inputPaths = (
			);
			name = "[CP] Copy Pods Resources";
			outputPaths = (
			);
			runOnlyForDeploymentPostprocessing = 0;
			shellPath = /bin/sh;
			shellScript = "\"${SRCROOT}/Pods/Target Support Files/Pods-iTrustUITests/Pods-iTrustUITests-resources.sh\"\n";
			showEnvVarsInLog = 0;
		};
/* End PBXShellScriptBuildPhase section */

/* Begin PBXSourcesBuildPhase section */
		30A0CB141FC7CB530048649B /* Sources */ = {
			isa = PBXSourcesBuildPhase;
			buildActionMask = 2147483647;
			files = (
				308C0B112021D2E000CB1347 /* ChurchListDAO.swift in Sources */,
				308C0B0A2021D10800CB1347 /* FirebaseManager.swift in Sources */,
				308C0B1A2022BFC000CB1347 /* Church.swift in Sources */,
				308C0B1D2022C1A000CB1347 /* ThreadManager.swift in Sources */,
				308C0B062021BA4D00CB1347 /* HHHListChurchViewController.swift in Sources */,
				30A0CB1E1FC7CB530048649B /* ViewController.swift in Sources */,
				308C0B172021D8F900CB1347 /* HHHChurchItemTableViewCell.swift in Sources */,
				308C0B0C2021D14F00CB1347 /* RootDAO.swift in Sources */,
				30A0CB1C1FC7CB530048649B /* AppDelegate.swift in Sources */,
				308C0B0F2021D18F00CB1347 /* LoggerManager.swift in Sources */,
			);
			runOnlyForDeploymentPostprocessing = 0;
		};
		30A0CB281FC7CB530048649B /* Sources */ = {
			isa = PBXSourcesBuildPhase;
			buildActionMask = 2147483647;
			files = (
				30A0CB311FC7CB530048649B /* iTrustTests.swift in Sources */,
			);
			runOnlyForDeploymentPostprocessing = 0;
		};
		30A0CB331FC7CB530048649B /* Sources */ = {
			isa = PBXSourcesBuildPhase;
			buildActionMask = 2147483647;
			files = (
				30A0CB3C1FC7CB530048649B /* iTrustUITests.swift in Sources */,
			);
			runOnlyForDeploymentPostprocessing = 0;
		};
/* End PBXSourcesBuildPhase section */

/* Begin PBXTargetDependency section */
		30A0CB2E1FC7CB530048649B /* PBXTargetDependency */ = {
			isa = PBXTargetDependency;
			target = 30A0CB171FC7CB530048649B /* iTrust */;
			targetProxy = 30A0CB2D1FC7CB530048649B /* PBXContainerItemProxy */;
		};
		30A0CB391FC7CB530048649B /* PBXTargetDependency */ = {
			isa = PBXTargetDependency;
			target = 30A0CB171FC7CB530048649B /* iTrust */;
			targetProxy = 30A0CB381FC7CB530048649B /* PBXContainerItemProxy */;
		};
/* End PBXTargetDependency section */

/* Begin PBXVariantGroup section */
		30A0CB1F1FC7CB530048649B /* Main.storyboard */ = {
			isa = PBXVariantGroup;
			children = (
				30A0CB201FC7CB530048649B /* Base */,
			);
			name = Main.storyboard;
			sourceTree = "<group>";
		};
		30A0CB241FC7CB530048649B /* LaunchScreen.storyboard */ = {
			isa = PBXVariantGroup;
			children = (
				30A0CB251FC7CB530048649B /* Base */,
			);
			name = LaunchScreen.storyboard;
			sourceTree = "<group>";
		};
/* End PBXVariantGroup section */

/* Begin XCBuildConfiguration section */
		30A0CB3E1FC7CB530048649B /* Debug */ = {
			isa = XCBuildConfiguration;
			buildSettings = {
				ALWAYS_SEARCH_USER_PATHS = NO;
				CLANG_ANALYZER_NONNULL = YES;
				CLANG_CXX_LANGUAGE_STANDARD = "gnu++0x";
				CLANG_CXX_LIBRARY = "libc++";
				CLANG_ENABLE_MODULES = YES;
				CLANG_ENABLE_OBJC_ARC = YES;
				CLANG_WARN_BOOL_CONVERSION = YES;
				CLANG_WARN_CONSTANT_CONVERSION = YES;
				CLANG_WARN_DIRECT_OBJC_ISA_USAGE = YES_ERROR;
				CLANG_WARN_DOCUMENTATION_COMMENTS = YES;
				CLANG_WARN_EMPTY_BODY = YES;
				CLANG_WARN_ENUM_CONVERSION = YES;
				CLANG_WARN_INFINITE_RECURSION = YES;
				CLANG_WARN_INT_CONVERSION = YES;
				CLANG_WARN_OBJC_ROOT_CLASS = YES_ERROR;
				CLANG_WARN_SUSPICIOUS_MOVES = YES;
				CLANG_WARN_UNREACHABLE_CODE = YES;
				CLANG_WARN__DUPLICATE_METHOD_MATCH = YES;
				"CODE_SIGN_IDENTITY[sdk=iphoneos*]" = "iPhone Developer";
				COPY_PHASE_STRIP = NO;
				DEBUG_INFORMATION_FORMAT = dwarf;
				ENABLE_STRICT_OBJC_MSGSEND = YES;
				ENABLE_TESTABILITY = YES;
				GCC_C_LANGUAGE_STANDARD = gnu99;
				GCC_DYNAMIC_NO_PIC = NO;
				GCC_NO_COMMON_BLOCKS = YES;
				GCC_OPTIMIZATION_LEVEL = 0;
				GCC_PREPROCESSOR_DEFINITIONS = (
					"DEBUG=1",
					"$(inherited)",
				);
				GCC_WARN_64_TO_32_BIT_CONVERSION = YES;
				GCC_WARN_ABOUT_RETURN_TYPE = YES_ERROR;
				GCC_WARN_UNDECLARED_SELECTOR = YES;
				GCC_WARN_UNINITIALIZED_AUTOS = YES_AGGRESSIVE;
				GCC_WARN_UNUSED_FUNCTION = YES;
				GCC_WARN_UNUSED_VARIABLE = YES;
				IPHONEOS_DEPLOYMENT_TARGET = 10.1;
				MTL_ENABLE_DEBUG_INFO = YES;
				ONLY_ACTIVE_ARCH = YES;
				SDKROOT = iphoneos;
				SWIFT_ACTIVE_COMPILATION_CONDITIONS = DEBUG;
				SWIFT_OPTIMIZATION_LEVEL = "-Onone";
				TARGETED_DEVICE_FAMILY = "1,2";
			};
			name = Debug;
		};
		30A0CB3F1FC7CB530048649B /* Release */ = {
			isa = XCBuildConfiguration;
			buildSettings = {
				ALWAYS_SEARCH_USER_PATHS = NO;
				CLANG_ANALYZER_NONNULL = YES;
				CLANG_CXX_LANGUAGE_STANDARD = "gnu++0x";
				CLANG_CXX_LIBRARY = "libc++";
				CLANG_ENABLE_MODULES = YES;
				CLANG_ENABLE_OBJC_ARC = YES;
				CLANG_WARN_BOOL_CONVERSION = YES;
				CLANG_WARN_CONSTANT_CONVERSION = YES;
				CLANG_WARN_DIRECT_OBJC_ISA_USAGE = YES_ERROR;
				CLANG_WARN_DOCUMENTATION_COMMENTS = YES;
				CLANG_WARN_EMPTY_BODY = YES;
				CLANG_WARN_ENUM_CONVERSION = YES;
				CLANG_WARN_INFINITE_RECURSION = YES;
				CLANG_WARN_INT_CONVERSION = YES;
				CLANG_WARN_OBJC_ROOT_CLASS = YES_ERROR;
				CLANG_WARN_SUSPICIOUS_MOVES = YES;
				CLANG_WARN_UNREACHABLE_CODE = YES;
				CLANG_WARN__DUPLICATE_METHOD_MATCH = YES;
				"CODE_SIGN_IDENTITY[sdk=iphoneos*]" = "iPhone Developer";
				COPY_PHASE_STRIP = NO;
				DEBUG_INFORMATION_FORMAT = "dwarf-with-dsym";
				ENABLE_NS_ASSERTIONS = NO;
				ENABLE_STRICT_OBJC_MSGSEND = YES;
				GCC_C_LANGUAGE_STANDARD = gnu99;
				GCC_NO_COMMON_BLOCKS = YES;
				GCC_WARN_64_TO_32_BIT_CONVERSION = YES;
				GCC_WARN_ABOUT_RETURN_TYPE = YES_ERROR;
				GCC_WARN_UNDECLARED_SELECTOR = YES;
				GCC_WARN_UNINITIALIZED_AUTOS = YES_AGGRESSIVE;
				GCC_WARN_UNUSED_FUNCTION = YES;
				GCC_WARN_UNUSED_VARIABLE = YES;
				IPHONEOS_DEPLOYMENT_TARGET = 10.1;
				MTL_ENABLE_DEBUG_INFO = NO;
				SDKROOT = iphoneos;
				SWIFT_OPTIMIZATION_LEVEL = "-Owholemodule";
				TARGETED_DEVICE_FAMILY = "1,2";
				VALIDATE_PRODUCT = YES;
			};
			name = Release;
		};
		30A0CB411FC7CB530048649B /* Debug */ = {
			isa = XCBuildConfiguration;
			baseConfigurationReference = 8DE0BD156E821F4E552A7906 /* Pods-iTrust.debug.xcconfig */;
			buildSettings = {
				ASSETCATALOG_COMPILER_APPICON_NAME = AppIcon;
				DEVELOPMENT_TEAM = WC64T22ANZ;
				INFOPLIST_FILE = iTrust/Info.plist;
				LD_RUNPATH_SEARCH_PATHS = "$(inherited) @executable_path/Frameworks";
				PRODUCT_BUNDLE_IDENTIFIER = com.hahahanotoomuch.Lord;
				PRODUCT_NAME = "$(TARGET_NAME)";
				SWIFT_VERSION = 3.0;
			};
			name = Debug;
		};
		30A0CB421FC7CB530048649B /* Release */ = {
			isa = XCBuildConfiguration;
			baseConfigurationReference = 0EB2B8CCF66FA3679C22F46E /* Pods-iTrust.release.xcconfig */;
			buildSettings = {
				ASSETCATALOG_COMPILER_APPICON_NAME = AppIcon;
				DEVELOPMENT_TEAM = WC64T22ANZ;
				INFOPLIST_FILE = iTrust/Info.plist;
				LD_RUNPATH_SEARCH_PATHS = "$(inherited) @executable_path/Frameworks";
				PRODUCT_BUNDLE_IDENTIFIER = com.hahahanotoomuch.Lord;
				PRODUCT_NAME = "$(TARGET_NAME)";
				SWIFT_VERSION = 3.0;
			};
			name = Release;
		};
		30A0CB441FC7CB530048649B /* Debug */ = {
			isa = XCBuildConfiguration;
			baseConfigurationReference = 0DA58240C3A411F71B78CDA9 /* Pods-iTrustTests.debug.xcconfig */;
			buildSettings = {
				ALWAYS_EMBED_SWIFT_STANDARD_LIBRARIES = YES;
				BUNDLE_LOADER = "$(TEST_HOST)";
				DEVELOPMENT_TEAM = WC64T22ANZ;
				INFOPLIST_FILE = iTrustTests/Info.plist;
				LD_RUNPATH_SEARCH_PATHS = "$(inherited) @executable_path/Frameworks @loader_path/Frameworks";
				PRODUCT_BUNDLE_IDENTIFIER = com.hahahanotoomuch.iTrustTests;
				PRODUCT_NAME = "$(TARGET_NAME)";
				SWIFT_VERSION = 3.0;
				TEST_HOST = "$(BUILT_PRODUCTS_DIR)/iTrust.app/iTrust";
			};
			name = Debug;
		};
		30A0CB451FC7CB530048649B /* Release */ = {
			isa = XCBuildConfiguration;
			baseConfigurationReference = D83A084F5E1AF1AE02B79EAE /* Pods-iTrustTests.release.xcconfig */;
			buildSettings = {
				ALWAYS_EMBED_SWIFT_STANDARD_LIBRARIES = YES;
				BUNDLE_LOADER = "$(TEST_HOST)";
				DEVELOPMENT_TEAM = WC64T22ANZ;
				INFOPLIST_FILE = iTrustTests/Info.plist;
				LD_RUNPATH_SEARCH_PATHS = "$(inherited) @executable_path/Frameworks @loader_path/Frameworks";
				PRODUCT_BUNDLE_IDENTIFIER = com.hahahanotoomuch.iTrustTests;
				PRODUCT_NAME = "$(TARGET_NAME)";
				SWIFT_VERSION = 3.0;
				TEST_HOST = "$(BUILT_PRODUCTS_DIR)/iTrust.app/iTrust";
			};
			name = Release;
		};
		30A0CB471FC7CB530048649B /* Debug */ = {
			isa = XCBuildConfiguration;
			baseConfigurationReference = 7E8BAA325539B89604167397 /* Pods-iTrustUITests.debug.xcconfig */;
			buildSettings = {
				ALWAYS_EMBED_SWIFT_STANDARD_LIBRARIES = YES;
				DEVELOPMENT_TEAM = WC64T22ANZ;
				INFOPLIST_FILE = iTrustUITests/Info.plist;
				LD_RUNPATH_SEARCH_PATHS = "$(inherited) @executable_path/Frameworks @loader_path/Frameworks";
				PRODUCT_BUNDLE_IDENTIFIER = com.hahahanotoomuch.iTrustUITests;
				PRODUCT_NAME = "$(TARGET_NAME)";
				SWIFT_VERSION = 3.0;
				TEST_TARGET_NAME = iTrust;
			};
			name = Debug;
		};
		30A0CB481FC7CB530048649B /* Release */ = {
			isa = XCBuildConfiguration;
			baseConfigurationReference = 460124404BF3B941B8F3BB67 /* Pods-iTrustUITests.release.xcconfig */;
			buildSettings = {
				ALWAYS_EMBED_SWIFT_STANDARD_LIBRARIES = YES;
				DEVELOPMENT_TEAM = WC64T22ANZ;
				INFOPLIST_FILE = iTrustUITests/Info.plist;
				LD_RUNPATH_SEARCH_PATHS = "$(inherited) @executable_path/Frameworks @loader_path/Frameworks";
				PRODUCT_BUNDLE_IDENTIFIER = com.hahahanotoomuch.iTrustUITests;
				PRODUCT_NAME = "$(TARGET_NAME)";
				SWIFT_VERSION = 3.0;
				TEST_TARGET_NAME = iTrust;
			};
			name = Release;
		};
/* End XCBuildConfiguration section */

/* Begin XCConfigurationList section */
		30A0CB131FC7CB530048649B /* Build configuration list for PBXProject "iTrust" */ = {
			isa = XCConfigurationList;
			buildConfigurations = (
				30A0CB3E1FC7CB530048649B /* Debug */,
				30A0CB3F1FC7CB530048649B /* Release */,
			);
			defaultConfigurationIsVisible = 0;
			defaultConfigurationName = Release;
		};
		30A0CB401FC7CB530048649B /* Build configuration list for PBXNativeTarget "iTrust" */ = {
			isa = XCConfigurationList;
			buildConfigurations = (
				30A0CB411FC7CB530048649B /* Debug */,
				30A0CB421FC7CB530048649B /* Release */,
			);
			defaultConfigurationIsVisible = 0;
			defaultConfigurationName = Release;
		};
		30A0CB431FC7CB530048649B /* Build configuration list for PBXNativeTarget "iTrustTests" */ = {
			isa = XCConfigurationList;
			buildConfigurations = (
				30A0CB441FC7CB530048649B /* Debug */,
				30A0CB451FC7CB530048649B /* Release */,
			);
			defaultConfigurationIsVisible = 0;
			defaultConfigurationName = Release;
		};
		30A0CB461FC7CB530048649B /* Build configuration list for PBXNativeTarget "iTrustUITests" */ = {
			isa = XCConfigurationList;
			buildConfigurations = (
				30A0CB471FC7CB530048649B /* Debug */,
				30A0CB481FC7CB530048649B /* Release */,
			);
			defaultConfigurationIsVisible = 0;
			defaultConfigurationName = Release;
		};
/* End XCConfigurationList section */
	};
	rootObject = 30A0CB101FC7CB530048649B /* Project object */;
}
