// !$*UTF8*$!
{
	archiveVersion = 1;
	classes = {
	};
	objectVersion = 46;
	objects = {

/* Begin PBXBuildFile section */
		30A0CB1C1FC7CB530048649B /* AppDelegate.swift in Sources */ = {isa = PBXBuildFile; fileRef = 30A0CB1B1FC7CB530048649B /* AppDelegate.swift */; };
		30A0CB1E1FC7CB530048649B /* ViewController.swift in Sources */ = {isa = PBXBuildFile; fileRef = 30A0CB1D1FC7CB530048649B /* ViewController.swift */; };
		30A0CB211FC7CB530048649B /* Main.storyboard in Resources */ = {isa = PBXBuildFile; fileRef = 30A0CB1F1FC7CB530048649B /* Main.storyboard */; };
		30A0CB231FC7CB530048649B /* Assets.xcassets in Resources */ = {isa = PBXBuildFile; fileRef = 30A0CB221FC7CB530048649B /* Assets.xcassets */; };
		30A0CB261FC7CB530048649B /* LaunchScreen.storyboard in Resources */ = {isa = PBXBuildFile; fileRef = 30A0CB241FC7CB530048649B /* LaunchScreen.storyboard */; };
		30A0CB311FC7CB530048649B /* iTrustTests.swift in Sources */ = {isa = PBXBuildFile; fileRef = 30A0CB301FC7CB530048649B /* iTrustTests.swift */; };
		30A0CB3C1FC7CB530048649B /* iTrustUITests.swift in Sources */ = {isa = PBXBuildFile; fileRef = 30A0CB3B1FC7CB530048649B /* iTrustUITests.swift */; };
/* End PBXBuildFile section */

/* Begin PBXContainerItemProxy section */
		30A0CB2D1FC7CB530048649B /* PBXContainerItemProxy */ = {
			isa = PBXContainerItemProxy;
			containerPortal = 30A0CB101FC7CB530048649B /* Project object */;
			proxyType = 1;
			remoteGlobalIDString = 30A0CB171FC7CB530048649B;
			remoteInfo = iTrust;
		};
		30A0CB381FC7CB530048649B /* PBXContainerItemProxy */ = {
			isa = PBXContainerItemProxy;
			containerPortal = 30A0CB101FC7CB530048649B /* Project object */;
			proxyType = 1;
			remoteGlobalIDString = 30A0CB171FC7CB530048649B;
			remoteInfo = iTrust;
		};
/* End PBXContainerItemProxy section */

/* Begin PBXFileReference section */
		30A0CB181FC7CB530048649B /* iTrust.app */ = {isa = PBXFileReference; explicitFileType = wrapper.application; includeInIndex = 0; path = iTrust.app; sourceTree = BUILT_PRODUCTS_DIR; };
		30A0CB1B1FC7CB530048649B /* AppDelegate.swift */ = {isa = PBXFileReference; lastKnownFileType = sourcecode.swift; path = AppDelegate.swift; sourceTree = "<group>"; };
		30A0CB1D1FC7CB530048649B /* ViewController.swift */ = {isa = PBXFileReference; lastKnownFileType = sourcecode.swift; path = ViewController.swift; sourceTree = "<group>"; };
		30A0CB201FC7CB530048649B /* Base */ = {isa = PBXFileReference; lastKnownFileType = file.storyboard; name = Base; path = Base.lproj/Main.storyboard; sourceTree = "<group>"; };
		30A0CB221FC7CB530048649B /* Assets.xcassets */ = {isa = PBXFileReference; lastKnownFileType = folder.assetcatalog; path = Assets.xcassets; sourceTree = "<group>"; };
		30A0CB251FC7CB530048649B /* Base */ = {isa = PBXFileReference; lastKnownFileType = file.storyboard; name = Base; path = Base.lproj/LaunchScreen.storyboard; sourceTree = "<group>"; };
		30A0CB271FC7CB530048649B /* Info.plist */ = {isa = PBXFileReference; lastKnownFileType = text.plist.xml; path = Info.plist; sourceTree = "<group>"; };
		30A0CB2C1FC7CB530048649B /* iTrustTests.xctest */ = {isa = PBXFileReference; explicitFileType = wrapper.cfbundle; includeInIndex = 0; path = iTrustTests.xctest; sourceTree = BUILT_PRODUCTS_DIR; };
		30A0CB301FC7CB530048649B /* iTrustTests.swift */ = {isa = PBXFileReference; lastKnownFileType = sourcecode.swift; path = iTrustTests.swift; sourceTree = "<group>"; };
		30A0CB321FC7CB530048649B /* Info.plist */ = {isa = PBXFileReference; lastKnownFileType = text.plist.xml; path = Info.plist; sourceTree = "<group>"; };
		30A0CB371FC7CB530048649B /* iTrustUITests.xctest */ = {isa = PBXFileReference; explicitFileType = wrapper.cfbundle; includeInIndex = 0; path = iTrustUITests.xctest; sourceTree = BUILT_PRODUCTS_DIR; };
		30A0CB3B1FC7CB530048649B /* iTrustUITests.swift */ = {isa = PBXFileReference; lastKnownFileType = sourcecode.swift; path = iTrustUITests.swift; sourceTree = "<group>"; };
		30A0CB3D1FC7CB530048649B /* Info.plist */ = {isa = PBXFileReference; lastKnownFileType = text.plist.xml; path = Info.plist; sourceTree = "<group>"; };
/* End PBXFileReference section */

/* Begin PBXFrameworksBuildPhase section */
		30A0CB151FC7CB530048649B /* Frameworks */ = {
			isa = PBXFrameworksBuildPhase;
			buildActionMask = 2147483647;
			files = (
			);
			runOnlyForDeploymentPostprocessing = 0;
		};
		30A0CB291FC7CB530048649B /* Frameworks */ = {
			isa = PBXFrameworksBuildPhase;
			buildActionMask = 2147483647;
			files = (
			);
			runOnlyForDeploymentPostprocessing = 0;
		};
		30A0CB341FC7CB530048649B /* Frameworks */ = {
			isa = PBXFrameworksBuildPhase;
			buildActionMask = 2147483647;
			files = (
			);
			runOnlyForDeploymentPostprocessing = 0;
		};
/* End PBXFrameworksBuildPhase section */

/* Begin PBXGroup section */
		30A0CB0F1FC7CB530048649B = {
			isa = PBXGroup;
			children = (
				30A0CB1A1FC7CB530048649B /* iTrust */,
				30A0CB2F1FC7CB530048649B /* iTrustTests */,
				30A0CB3A1FC7CB530048649B /* iTrustUITests */,
				30A0CB191FC7CB530048649B /* Products */,
			);
			sourceTree = "<group>";
		};
		30A0CB191FC7CB530048649B /* Products */ = {
			isa = PBXGroup;
			children = (
				30A0CB181FC7CB530048649B /* iTrust.app */,
				30A0CB2C1FC7CB530048649B /* iTrustTests.xctest */,
				30A0CB371FC7CB530048649B /* iTrustUITests.xctest */,
			);
			name = Products;
			sourceTree = "<group>";
		};
		30A0CB1A1FC7CB530048649B /* iTrust */ = {
			isa = PBXGroup;
			children = (
				30A0CB1B1FC7CB530048649B /* AppDelegate.swift */,
				30A0CB1D1FC7CB530048649B /* ViewController.swift */,
				30A0CB1F1FC7CB530048649B /* Main.storyboard */,
				30A0CB221FC7CB530048649B /* Assets.xcassets */,
				30A0CB241FC7CB530048649B /* LaunchScreen.storyboard */,
				30A0CB271FC7CB530048649B /* Info.plist */,
			);
			path = iTrust;
			sourceTree = "<group>";
		};
		30A0CB2F1FC7CB530048649B /* iTrustTests */ = {
			isa = PBXGroup;
			children = (
				30A0CB301FC7CB530048649B /* iTrustTests.swift */,
				30A0CB321FC7CB530048649B /* Info.plist */,
			);
			path = iTrustTests;
			sourceTree = "<group>";
		};
		30A0CB3A1FC7CB530048649B /* iTrustUITests */ = {
			isa = PBXGroup;
			children = (
				30A0CB3B1FC7CB530048649B /* iTrustUITests.swift */,
				30A0CB3D1FC7CB530048649B /* Info.plist */,
			);
			path = iTrustUITests;
			sourceTree = "<group>";
		};
/* End PBXGroup section */

/* Begin PBXNativeTarget section */
		30A0CB171FC7CB530048649B /* iTrust */ = {
			isa = PBXNativeTarget;
			buildConfigurationList = 30A0CB401FC7CB530048649B /* Build configuration list for PBXNativeTarget "iTrust" */;
			buildPhases = (
				30A0CB141FC7CB530048649B /* Sources */,
				30A0CB151FC7CB530048649B /* Frameworks */,
				30A0CB161FC7CB530048649B /* Resources */,
			);
			buildRules = (
			);
			dependencies = (
			);
			name = iTrust;
			productName = iTrust;
			productReference = 30A0CB181FC7CB530048649B /* iTrust.app */;
			productType = "com.apple.product-type.application";
		};
		30A0CB2B1FC7CB530048649B /* iTrustTests */ = {
			isa = PBXNativeTarget;
			buildConfigurationList = 30A0CB431FC7CB530048649B /* Build configuration list for PBXNativeTarget "iTrustTests" */;
			buildPhases = (
				30A0CB281FC7CB530048649B /* Sources */,
				30A0CB291FC7CB530048649B /* Frameworks */,
				30A0CB2A1FC7CB530048649B /* Resources */,
			);
			buildRules = (
			);
			dependencies = (
				30A0CB2E1FC7CB530048649B /* PBXTargetDependency */,
			);
			name = iTrustTests;
			productName = iTrustTests;
			productReference = 30A0CB2C1FC7CB530048649B /* iTrustTests.xctest */;
			productType = "com.apple.product-type.bundle.unit-test";
		};
		30A0CB361FC7CB530048649B /* iTrustUITests */ = {
			isa = PBXNativeTarget;
			buildConfigurationList = 30A0CB461FC7CB530048649B /* Build configuration list for PBXNativeTarget "iTrustUITests" */;
			buildPhases = (
				30A0CB331FC7CB530048649B /* Sources */,
				30A0CB341FC7CB530048649B /* Frameworks */,
				30A0CB351FC7CB530048649B /* Resources */,
			);
			buildRules = (
			);
			dependencies = (
				30A0CB391FC7CB530048649B /* PBXTargetDependency */,
			);
			name = iTrustUITests;
			productName = iTrustUITests;
			productReference = 30A0CB371FC7CB530048649B /* iTrustUITests.xctest */;
			productType = "com.apple.product-type.bundle.ui-testing";
		};
/* End PBXNativeTarget section */

/* Begin PBXProject section */
		30A0CB101FC7CB530048649B /* Project object */ = {
			isa = PBXProject;
			attributes = {
				LastSwiftUpdateCheck = 0810;
				LastUpgradeCheck = 0810;
				ORGANIZATIONNAME = "Uy Nguyen Long";
				TargetAttributes = {
					30A0CB171FC7CB530048649B = {
						CreatedOnToolsVersion = 8.1;
						DevelopmentTeam = WC64T22ANZ;
						ProvisioningStyle = Automatic;
					};
					30A0CB2B1FC7CB530048649B = {
						CreatedOnToolsVersion = 8.1;
						DevelopmentTeam = WC64T22ANZ;
						ProvisioningStyle = Automatic;
						TestTargetID = 30A0CB171FC7CB530048649B;
					};
					30A0CB361FC7CB530048649B = {
						CreatedOnToolsVersion = 8.1;
						DevelopmentTeam = WC64T22ANZ;
						ProvisioningStyle = Automatic;
						TestTargetID = 30A0CB171FC7CB530048649B;
					};
				};
			};
			buildConfigurationList = 30A0CB131FC7CB530048649B /* Build configuration list for PBXProject "iTrust" */;
			compatibilityVersion = "Xcode 3.2";
			developmentRegion = English;
			hasScannedForEncodings = 0;
			knownRegions = (
				en,
				Base,
			);
			mainGroup = 30A0CB0F1FC7CB530048649B;
			productRefGroup = 30A0CB191FC7CB530048649B /* Products */;
			projectDirPath = "";
			projectRoot = "";
			targets = (
				30A0CB171FC7CB530048649B /* iTrust */,
				30A0CB2B1FC7CB530048649B /* iTrustTests */,
				30A0CB361FC7CB530048649B /* iTrustUITests */,
			);
		};
/* End PBXProject section */

/* Begin PBXResourcesBuildPhase section */
		30A0CB161FC7CB530048649B /* Resources */ = {
			isa = PBXResourcesBuildPhase;
			buildActionMask = 2147483647;
			files = (
				30A0CB261FC7CB530048649B /* LaunchScreen.storyboard in Resources */,
				30A0CB231FC7CB530048649B /* Assets.xcassets in Resources */,
				30A0CB211FC7CB530048649B /* Main.storyboard in Resources */,
			);
			runOnlyForDeploymentPostprocessing = 0;
		};
		30A0CB2A1FC7CB530048649B /* Resources */ = {
			isa = PBXResourcesBuildPhase;
			buildActionMask = 2147483647;
			files = (
			);
			runOnlyForDeploymentPostprocessing = 0;
		};
		30A0CB351FC7CB530048649B /* Resources */ = {
			isa = PBXResourcesBuildPhase;
			buildActionMask = 2147483647;
			files = (
			);
			runOnlyForDeploymentPostprocessing = 0;
		};
/* End PBXResourcesBuildPhase section */

/* Begin PBXSourcesBuildPhase section */
		30A0CB141FC7CB530048649B /* Sources */ = {
			isa = PBXSourcesBuildPhase;
			buildActionMask = 2147483647;
			files = (
				30A0CB1E1FC7CB530048649B /* ViewController.swift in Sources */,
				30A0CB1C1FC7CB530048649B /* AppDelegate.swift in Sources */,
			);
			runOnlyForDeploymentPostprocessing = 0;
		};
		30A0CB281FC7CB530048649B /* Sources */ = {
			isa = PBXSourcesBuildPhase;
			buildActionMask = 2147483647;
			files = (
				30A0CB311FC7CB530048649B /* iTrustTests.swift in Sources */,
			);
			runOnlyForDeploymentPostprocessing = 0;
		};
		30A0CB331FC7CB530048649B /* Sources */ = {
			isa = PBXSourcesBuildPhase;
			buildActionMask = 2147483647;
			files = (
				30A0CB3C1FC7CB530048649B /* iTrustUITests.swift in Sources */,
			);
			runOnlyForDeploymentPostprocessing = 0;
		};
/* End PBXSourcesBuildPhase section */

/* Begin PBXTargetDependency section */
		30A0CB2E1FC7CB530048649B /* PBXTargetDependency */ = {
			isa = PBXTargetDependency;
			target = 30A0CB171FC7CB530048649B /* iTrust */;
			targetProxy = 30A0CB2D1FC7CB530048649B /* PBXContainerItemProxy */;
		};
		30A0CB391FC7CB530048649B /* PBXTargetDependency */ = {
			isa = PBXTargetDependency;
			target = 30A0CB171FC7CB530048649B /* iTrust */;
			targetProxy = 30A0CB381FC7CB530048649B /* PBXContainerItemProxy */;
		};
/* End PBXTargetDependency section */

/* Begin PBXVariantGroup section */
		30A0CB1F1FC7CB530048649B /* Main.storyboard */ = {
			isa = PBXVariantGroup;
			children = (
				30A0CB201FC7CB530048649B /* Base */,
			);
			name = Main.storyboard;
			sourceTree = "<group>";
		};
		30A0CB241FC7CB530048649B /* LaunchScreen.storyboard */ = {
			isa = PBXVariantGroup;
			children = (
				30A0CB251FC7CB530048649B /* Base */,
			);
			name = LaunchScreen.storyboard;
			sourceTree = "<group>";
		};
/* End PBXVariantGroup section */

/* Begin XCBuildConfiguration section */
		30A0CB3E1FC7CB530048649B /* Debug */ = {
			isa = XCBuildConfiguration;
			buildSettings = {
				ALWAYS_SEARCH_USER_PATHS = NO;
				CLANG_ANALYZER_NONNULL = YES;
				CLANG_CXX_LANGUAGE_STANDARD = "gnu++0x";
				CLANG_CXX_LIBRARY = "libc++";
				CLANG_ENABLE_MODULES = YES;
				CLANG_ENABLE_OBJC_ARC = YES;
				CLANG_WARN_BOOL_CONVERSION = YES;
				CLANG_WARN_CONSTANT_CONVERSION = YES;
				CLANG_WARN_DIRECT_OBJC_ISA_USAGE = YES_ERROR;
				CLANG_WARN_DOCUMENTATION_COMMENTS = YES;
				CLANG_WARN_EMPTY_BODY = YES;
				CLANG_WARN_ENUM_CONVERSION = YES;
				CLANG_WARN_INFINITE_RECURSION = YES;
				CLANG_WARN_INT_CONVERSION = YES;
				CLANG_WARN_OBJC_ROOT_CLASS = YES_ERROR;
				CLANG_WARN_SUSPICIOUS_MOVES = YES;
				CLANG_WARN_UNREACHABLE_CODE = YES;
				CLANG_WARN__DUPLICATE_METHOD_MATCH = YES;
				"CODE_SIGN_IDENTITY[sdk=iphoneos*]" = "iPhone Developer";
				COPY_PHASE_STRIP = NO;
				DEBUG_INFORMATION_FORMAT = dwarf;
				ENABLE_STRICT_OBJC_MSGSEND = YES;
				ENABLE_TESTABILITY = YES;
				GCC_C_LANGUAGE_STANDARD = gnu99;
				GCC_DYNAMIC_NO_PIC = NO;
				GCC_NO_COMMON_BLOCKS = YES;
				GCC_OPTIMIZATION_LEVEL = 0;
				GCC_PREPROCESSOR_DEFINITIONS = (
					"DEBUG=1",
					"$(inherited)",
				);
				GCC_WARN_64_TO_32_BIT_CONVERSION = YES;
				GCC_WARN_ABOUT_RETURN_TYPE = YES_ERROR;
				GCC_WARN_UNDECLARED_SELECTOR = YES;
				GCC_WARN_UNINITIALIZED_AUTOS = YES_AGGRESSIVE;
				GCC_WARN_UNUSED_FUNCTION = YES;
				GCC_WARN_UNUSED_VARIABLE = YES;
				IPHONEOS_DEPLOYMENT_TARGET = 10.1;
				MTL_ENABLE_DEBUG_INFO = YES;
				ONLY_ACTIVE_ARCH = YES;
				SDKROOT = iphoneos;
				SWIFT_ACTIVE_COMPILATION_CONDITIONS = DEBUG;
				SWIFT_OPTIMIZATION_LEVEL = "-Onone";
				TARGETED_DEVICE_FAMILY = "1,2";
			};
			name = Debug;
		};
		30A0CB3F1FC7CB530048649B /* Release */ = {
			isa = XCBuildConfiguration;
			buildSettings = {
				ALWAYS_SEARCH_USER_PATHS = NO;
				CLANG_ANALYZER_NONNULL = YES;
				CLANG_CXX_LANGUAGE_STANDARD = "gnu++0x";
				CLANG_CXX_LIBRARY = "libc++";
				CLANG_ENABLE_MODULES = YES;
				CLANG_ENABLE_OBJC_ARC = YES;
				CLANG_WARN_BOOL_CONVERSION = YES;
				CLANG_WARN_CONSTANT_CONVERSION = YES;
				CLANG_WARN_DIRECT_OBJC_ISA_USAGE = YES_ERROR;
				CLANG_WARN_DOCUMENTATION_COMMENTS = YES;
				CLANG_WARN_EMPTY_BODY = YES;
				CLANG_WARN_ENUM_CONVERSION = YES;
				CLANG_WARN_INFINITE_RECURSION = YES;
				CLANG_WARN_INT_CONVERSION = YES;
				CLANG_WARN_OBJC_ROOT_CLASS = YES_ERROR;
				CLANG_WARN_SUSPICIOUS_MOVES = YES;
				CLANG_WARN_UNREACHABLE_CODE = YES;
				CLANG_WARN__DUPLICATE_METHOD_MATCH = YES;
				"CODE_SIGN_IDENTITY[sdk=iphoneos*]" = "iPhone Developer";
				COPY_PHASE_STRIP = NO;
				DEBUG_INFORMATION_FORMAT = "dwarf-with-dsym";
				ENABLE_NS_ASSERTIONS = NO;
				ENABLE_STRICT_OBJC_MSGSEND = YES;
				GCC_C_LANGUAGE_STANDARD = gnu99;
				GCC_NO_COMMON_BLOCKS = YES;
				GCC_WARN_64_TO_32_BIT_CONVERSION = YES;
				GCC_WARN_ABOUT_RETURN_TYPE = YES_ERROR;
				GCC_WARN_UNDECLARED_SELECTOR = YES;
				GCC_WARN_UNINITIALIZED_AUTOS = YES_AGGRESSIVE;
				GCC_WARN_UNUSED_FUNCTION = YES;
				GCC_WARN_UNUSED_VARIABLE = YES;
				IPHONEOS_DEPLOYMENT_TARGET = 10.1;
				MTL_ENABLE_DEBUG_INFO = NO;
				SDKROOT = iphoneos;
				SWIFT_OPTIMIZATION_LEVEL = "-Owholemodule";
				TARGETED_DEVICE_FAMILY = "1,2";
				VALIDATE_PRODUCT = YES;
			};
			name = Release;
		};
		30A0CB411FC7CB530048649B /* Debug */ = {
			isa = XCBuildConfiguration;
			buildSettings = {
				ASSETCATALOG_COMPILER_APPICON_NAME = AppIcon;
				DEVELOPMENT_TEAM = WC64T22ANZ;
				INFOPLIST_FILE = iTrust/Info.plist;
				LD_RUNPATH_SEARCH_PATHS = "$(inherited) @executable_path/Frameworks";
				PRODUCT_BUNDLE_IDENTIFIER = com.hahahanotoomuch.iTrust;
				PRODUCT_NAME = "$(TARGET_NAME)";
				SWIFT_VERSION = 3.0;
			};
			name = Debug;
		};
		30A0CB421FC7CB530048649B /* Release */ = {
			isa = XCBuildConfiguration;
			buildSettings = {
				ASSETCATALOG_COMPILER_APPICON_NAME = AppIcon;
				DEVELOPMENT_TEAM = WC64T22ANZ;
				INFOPLIST_FILE = iTrust/Info.plist;
				LD_RUNPATH_SEARCH_PATHS = "$(inherited) @executable_path/Frameworks";
				PRODUCT_BUNDLE_IDENTIFIER = com.hahahanotoomuch.iTrust;
				PRODUCT_NAME = "$(TARGET_NAME)";
				SWIFT_VERSION = 3.0;
			};
			name = Release;
		};
		30A0CB441FC7CB530048649B /* Debug */ = {
			isa = XCBuildConfiguration;
			buildSettings = {
				ALWAYS_EMBED_SWIFT_STANDARD_LIBRARIES = YES;
				BUNDLE_LOADER = "$(TEST_HOST)";
				DEVELOPMENT_TEAM = WC64T22ANZ;
				INFOPLIST_FILE = iTrustTests/Info.plist;
				LD_RUNPATH_SEARCH_PATHS = "$(inherited) @executable_path/Frameworks @loader_path/Frameworks";
				PRODUCT_BUNDLE_IDENTIFIER = com.hahahanotoomuch.iTrustTests;
				PRODUCT_NAME = "$(TARGET_NAME)";
				SWIFT_VERSION = 3.0;
				TEST_HOST = "$(BUILT_PRODUCTS_DIR)/iTrust.app/iTrust";
			};
			name = Debug;
		};
		30A0CB451FC7CB530048649B /* Release */ = {
			isa = XCBuildConfiguration;
			buildSettings = {
				ALWAYS_EMBED_SWIFT_STANDARD_LIBRARIES = YES;
				BUNDLE_LOADER = "$(TEST_HOST)";
				DEVELOPMENT_TEAM = WC64T22ANZ;
				INFOPLIST_FILE = iTrustTests/Info.plist;
				LD_RUNPATH_SEARCH_PATHS = "$(inherited) @executable_path/Frameworks @loader_path/Frameworks";
				PRODUCT_BUNDLE_IDENTIFIER = com.hahahanotoomuch.iTrustTests;
				PRODUCT_NAME = "$(TARGET_NAME)";
				SWIFT_VERSION = 3.0;
				TEST_HOST = "$(BUILT_PRODUCTS_DIR)/iTrust.app/iTrust";
			};
			name = Release;
		};
		30A0CB471FC7CB530048649B /* Debug */ = {
			isa = XCBuildConfiguration;
			buildSettings = {
				ALWAYS_EMBED_SWIFT_STANDARD_LIBRARIES = YES;
				DEVELOPMENT_TEAM = WC64T22ANZ;
				INFOPLIST_FILE = iTrustUITests/Info.plist;
				LD_RUNPATH_SEARCH_PATHS = "$(inherited) @executable_path/Frameworks @loader_path/Frameworks";
				PRODUCT_BUNDLE_IDENTIFIER = com.hahahanotoomuch.iTrustUITests;
				PRODUCT_NAME = "$(TARGET_NAME)";
				SWIFT_VERSION = 3.0;
				TEST_TARGET_NAME = iTrust;
			};
			name = Debug;
		};
		30A0CB481FC7CB530048649B /* Release */ = {
			isa = XCBuildConfiguration;
			buildSettings = {
				ALWAYS_EMBED_SWIFT_STANDARD_LIBRARIES = YES;
				DEVELOPMENT_TEAM = WC64T22ANZ;
				INFOPLIST_FILE = iTrustUITests/Info.plist;
				LD_RUNPATH_SEARCH_PATHS = "$(inherited) @executable_path/Frameworks @loader_path/Frameworks";
				PRODUCT_BUNDLE_IDENTIFIER = com.hahahanotoomuch.iTrustUITests;
				PRODUCT_NAME = "$(TARGET_NAME)";
				SWIFT_VERSION = 3.0;
				TEST_TARGET_NAME = iTrust;
			};
			name = Release;
		};
/* End XCBuildConfiguration section */

/* Begin XCConfigurationList section */
		30A0CB131FC7CB530048649B /* Build configuration list for PBXProject "iTrust" */ = {
			isa = XCConfigurationList;
			buildConfigurations = (
				30A0CB3E1FC7CB530048649B /* Debug */,
				30A0CB3F1FC7CB530048649B /* Release */,
			);
			defaultConfigurationIsVisible = 0;
			defaultConfigurationName = Release;
		};
		30A0CB401FC7CB530048649B /* Build configuration list for PBXNativeTarget "iTrust" */ = {
			isa = XCConfigurationList;
			buildConfigurations = (
				30A0CB411FC7CB530048649B /* Debug */,
				30A0CB421FC7CB530048649B /* Release */,
			);
			defaultConfigurationIsVisible = 0;
		};
		30A0CB431FC7CB530048649B /* Build configuration list for PBXNativeTarget "iTrustTests" */ = {
			isa = XCConfigurationList;
			buildConfigurations = (
				30A0CB441FC7CB530048649B /* Debug */,
				30A0CB451FC7CB530048649B /* Release */,
			);
			defaultConfigurationIsVisible = 0;
		};
		30A0CB461FC7CB530048649B /* Build configuration list for PBXNativeTarget "iTrustUITests" */ = {
			isa = XCConfigurationList;
			buildConfigurations = (
				30A0CB471FC7CB530048649B /* Debug */,
				30A0CB481FC7CB530048649B /* Release */,
			);
			defaultConfigurationIsVisible = 0;
		};
/* End XCConfigurationList section */
	};
	rootObject = 30A0CB101FC7CB530048649B /* Project object */;
}
